// !$*UTF8*$!
{
	archiveVersion = 1;
	classes = {
	};
	objectVersion = 46;
	objects = {

/* Begin PBXBuildFile section */
		A5D11FFC1B35AE8400132FEE /* AppDelegate.swift in Sources */ = {isa = PBXBuildFile; fileRef = A5D11FFB1B35AE8400132FEE /* AppDelegate.swift */; };
		A5D11FFE1B35AE8400132FEE /* ViewController.swift in Sources */ = {isa = PBXBuildFile; fileRef = A5D11FFD1B35AE8400132FEE /* ViewController.swift */; };
		A5D120011B35AE8400132FEE /* Main.storyboard in Resources */ = {isa = PBXBuildFile; fileRef = A5D11FFF1B35AE8400132FEE /* Main.storyboard */; };
		A5D120031B35AE8400132FEE /* Images.xcassets in Resources */ = {isa = PBXBuildFile; fileRef = A5D120021B35AE8400132FEE /* Images.xcassets */; };
		A5D120061B35AE8400132FEE /* LaunchScreen.xib in Resources */ = {isa = PBXBuildFile; fileRef = A5D120041B35AE8400132FEE /* LaunchScreen.xib */; };
		A5D120121B35AE8400132FEE /* pitch_perfectTests.swift in Sources */ = {isa = PBXBuildFile; fileRef = A5D120111B35AE8400132FEE /* pitch_perfectTests.swift */; };
/* End PBXBuildFile section */

/* Begin PBXContainerItemProxy section */
		A5D1200C1B35AE8400132FEE /* PBXContainerItemProxy */ = {
			isa = PBXContainerItemProxy;
			containerPortal = A5D11FEE1B35AE8400132FEE /* Project object */;
			proxyType = 1;
			remoteGlobalIDString = A5D11FF51B35AE8400132FEE;
			remoteInfo = "pitch perfect";
		};
/* End PBXContainerItemProxy section */

/* Begin PBXFileReference section */
		A5D11FF61B35AE8400132FEE /* pitch perfect.app */ = {isa = PBXFileReference; explicitFileType = wrapper.application; includeInIndex = 0; path = "pitch perfect.app"; sourceTree = BUILT_PRODUCTS_DIR; };
		A5D11FFA1B35AE8400132FEE /* Info.plist */ = {isa = PBXFileReference; lastKnownFileType = text.plist.xml; path = Info.plist; sourceTree = "<group>"; };
		A5D11FFB1B35AE8400132FEE /* AppDelegate.swift */ = {isa = PBXFileReference; lastKnownFileType = sourcecode.swift; path = AppDelegate.swift; sourceTree = "<group>"; };
		A5D11FFD1B35AE8400132FEE /* ViewController.swift */ = {isa = PBXFileReference; lastKnownFileType = sourcecode.swift; path = ViewController.swift; sourceTree = "<group>"; };
		A5D120001B35AE8400132FEE /* Base */ = {isa = PBXFileReference; lastKnownFileType = file.storyboard; name = Base; path = Base.lproj/Main.storyboard; sourceTree = "<group>"; };
		A5D120021B35AE8400132FEE /* Images.xcassets */ = {isa = PBXFileReference; lastKnownFileType = folder.assetcatalog; path = Images.xcassets; sourceTree = "<group>"; };
		A5D120051B35AE8400132FEE /* Base */ = {isa = PBXFileReference; lastKnownFileType = file.xib; name = Base; path = Base.lproj/LaunchScreen.xib; sourceTree = "<group>"; };
		A5D1200B1B35AE8400132FEE /* pitch perfectTests.xctest */ = {isa = PBXFileReference; explicitFileType = wrapper.cfbundle; includeInIndex = 0; path = "pitch perfectTests.xctest"; sourceTree = BUILT_PRODUCTS_DIR; };
		A5D120101B35AE8400132FEE /* Info.plist */ = {isa = PBXFileReference; lastKnownFileType = text.plist.xml; path = Info.plist; sourceTree = "<group>"; };
		A5D120111B35AE8400132FEE /* pitch_perfectTests.swift */ = {isa = PBXFileReference; lastKnownFileType = sourcecode.swift; path = pitch_perfectTests.swift; sourceTree = "<group>"; };
/* End PBXFileReference section */

/* Begin PBXFrameworksBuildPhase section */
		A5D11FF31B35AE8400132FEE /* Frameworks */ = {
			isa = PBXFrameworksBuildPhase;
			buildActionMask = 2147483647;
			files = (
			);
			runOnlyForDeploymentPostprocessing = 0;
		};
		A5D120081B35AE8400132FEE /* Frameworks */ = {
			isa = PBXFrameworksBuildPhase;
			buildActionMask = 2147483647;
			files = (
			);
			runOnlyForDeploymentPostprocessing = 0;
		};
/* End PBXFrameworksBuildPhase section */

/* Begin PBXGroup section */
		A5D11FED1B35AE8400132FEE = {
			isa = PBXGroup;
			children = (
				A5D11FF81B35AE8400132FEE /* pitch perfect */,
				A5D1200E1B35AE8400132FEE /* pitch perfectTests */,
				A5D11FF71B35AE8400132FEE /* Products */,
			);
			sourceTree = "<group>";
		};
		A5D11FF71B35AE8400132FEE /* Products */ = {
			isa = PBXGroup;
			children = (
				A5D11FF61B35AE8400132FEE /* pitch perfect.app */,
				A5D1200B1B35AE8400132FEE /* pitch perfectTests.xctest */,
			);
			name = Products;
			sourceTree = "<group>";
		};
		A5D11FF81B35AE8400132FEE /* pitch perfect */ = {
			isa = PBXGroup;
			children = (
				A5D11FFB1B35AE8400132FEE /* AppDelegate.swift */,
				A5D11FFD1B35AE8400132FEE /* ViewController.swift */,
				A5D11FFF1B35AE8400132FEE /* Main.storyboard */,
				A5D120021B35AE8400132FEE /* Images.xcassets */,
				A5D120041B35AE8400132FEE /* LaunchScreen.xib */,
				A5D11FF91B35AE8400132FEE /* Supporting Files */,
			);
			path = "pitch perfect";
			sourceTree = "<group>";
		};
		A5D11FF91B35AE8400132FEE /* Supporting Files */ = {
			isa = PBXGroup;
			children = (
				A5D11FFA1B35AE8400132FEE /* Info.plist */,
			);
			name = "Supporting Files";
			sourceTree = "<group>";
		};
		A5D1200E1B35AE8400132FEE /* pitch perfectTests */ = {
			isa = PBXGroup;
			children = (
				A5D120111B35AE8400132FEE /* pitch_perfectTests.swift */,
				A5D1200F1B35AE8400132FEE /* Supporting Files */,
			);
			path = "pitch perfectTests";
			sourceTree = "<group>";
		};
		A5D1200F1B35AE8400132FEE /* Supporting Files */ = {
			isa = PBXGroup;
			children = (
				A5D120101B35AE8400132FEE /* Info.plist */,
			);
			name = "Supporting Files";
			sourceTree = "<group>";
		};
/* End PBXGroup section */

/* Begin PBXNativeTarget section */
		A5D11FF51B35AE8400132FEE /* pitch perfect */ = {
			isa = PBXNativeTarget;
			buildConfigurationList = A5D120151B35AE8400132FEE /* Build configuration list for PBXNativeTarget "pitch perfect" */;
			buildPhases = (
				A5D11FF21B35AE8400132FEE /* Sources */,
				A5D11FF31B35AE8400132FEE /* Frameworks */,
				A5D11FF41B35AE8400132FEE /* Resources */,
			);
			buildRules = (
			);
			dependencies = (
			);
			name = "pitch perfect";
			productName = "pitch perfect";
			productReference = A5D11FF61B35AE8400132FEE /* pitch perfect.app */;
			productType = "com.apple.product-type.application";
		};
		A5D1200A1B35AE8400132FEE /* pitch perfectTests */ = {
			isa = PBXNativeTarget;
			buildConfigurationList = A5D120181B35AE8400132FEE /* Build configuration list for PBXNativeTarget "pitch perfectTests" */;
			buildPhases = (
				A5D120071B35AE8400132FEE /* Sources */,
				A5D120081B35AE8400132FEE /* Frameworks */,
				A5D120091B35AE8400132FEE /* Resources */,
			);
			buildRules = (
			);
			dependencies = (
				A5D1200D1B35AE8400132FEE /* PBXTargetDependency */,
			);
			name = "pitch perfectTests";
			productName = "pitch perfectTests";
			productReference = A5D1200B1B35AE8400132FEE /* pitch perfectTests.xctest */;
			productType = "com.apple.product-type.bundle.unit-test";
		};
/* End PBXNativeTarget section */

/* Begin PBXProject section */
		A5D11FEE1B35AE8400132FEE /* Project object */ = {
			isa = PBXProject;
			attributes = {
				LastUpgradeCheck = 0630;
				ORGANIZATIONNAME = MichaelLeung;
				TargetAttributes = {
					A5D11FF51B35AE8400132FEE = {
						CreatedOnToolsVersion = 6.3.2;
					};
					A5D1200A1B35AE8400132FEE = {
						CreatedOnToolsVersion = 6.3.2;
						TestTargetID = A5D11FF51B35AE8400132FEE;
					};
				};
			};
			buildConfigurationList = A5D11FF11B35AE8400132FEE /* Build configuration list for PBXProject "pitch perfect" */;
			compatibilityVersion = "Xcode 3.2";
			developmentRegion = English;
			hasScannedForEncodings = 0;
			knownRegions = (
				en,
				Base,
			);
			mainGroup = A5D11FED1B35AE8400132FEE;
			productRefGroup = A5D11FF71B35AE8400132FEE /* Products */;
			projectDirPath = "";
			projectRoot = "";
			targets = (
				A5D11FF51B35AE8400132FEE /* pitch perfect */,
				A5D1200A1B35AE8400132FEE /* pitch perfectTests */,
			);
		};
/* End PBXProject section */

/* Begin PBXResourcesBuildPhase section */
		A5D11FF41B35AE8400132FEE /* Resources */ = {
			isa = PBXResourcesBuildPhase;
			buildActionMask = 2147483647;
			files = (
				A5D120011B35AE8400132FEE /* Main.storyboard in Resources */,
				A5D120061B35AE8400132FEE /* LaunchScreen.xib in Resources */,
				A5D120031B35AE8400132FEE /* Images.xcassets in Resources */,
			);
			runOnlyForDeploymentPostprocessing = 0;
		};
		A5D120091B35AE8400132FEE /* Resources */ = {
			isa = PBXResourcesBuildPhase;
			buildActionMask = 2147483647;
			files = (
			);
			runOnlyForDeploymentPostprocessing = 0;
		};
/* End PBXResourcesBuildPhase section */

/* Begin PBXSourcesBuildPhase section */
		A5D11FF21B35AE8400132FEE /* Sources */ = {
			isa = PBXSourcesBuildPhase;
			buildActionMask = 2147483647;
			files = (
				A5D11FFE1B35AE8400132FEE /* ViewController.swift in Sources */,
				A5D11FFC1B35AE8400132FEE /* AppDelegate.swift in Sources */,
			);
			runOnlyForDeploymentPostprocessing = 0;
		};
		A5D120071B35AE8400132FEE /* Sources */ = {
			isa = PBXSourcesBuildPhase;
			buildActionMask = 2147483647;
			files = (
				A5D120121B35AE8400132FEE /* pitch_perfectTests.swift in Sources */,
			);
			runOnlyForDeploymentPostprocessing = 0;
		};
/* End PBXSourcesBuildPhase section */

/* Begin PBXTargetDependency section */
		A5D1200D1B35AE8400132FEE /* PBXTargetDependency */ = {
			isa = PBXTargetDependency;
			target = A5D11FF51B35AE8400132FEE /* pitch perfect */;
			targetProxy = A5D1200C1B35AE8400132FEE /* PBXContainerItemProxy */;
		};
/* End PBXTargetDependency section */

/* Begin PBXVariantGroup section */
		A5D11FFF1B35AE8400132FEE /* Main.storyboard */ = {
			isa = PBXVariantGroup;
			children = (
				A5D120001B35AE8400132FEE /* Base */,
			);
			name = Main.storyboard;
			sourceTree = "<group>";
		};
		A5D120041B35AE8400132FEE /* LaunchScreen.xib */ = {
			isa = PBXVariantGroup;
			children = (
				A5D120051B35AE8400132FEE /* Base */,
			);
			name = LaunchScreen.xib;
			sourceTree = "<group>";
		};
/* End PBXVariantGroup section */

/* Begin XCBuildConfiguration section */
		A5D120131B35AE8400132FEE /* Debug */ = {
			isa = XCBuildConfiguration;
			buildSettings = {
				ALWAYS_SEARCH_USER_PATHS = NO;
				CLANG_CXX_LANGUAGE_STANDARD = "gnu++0x";
				CLANG_CXX_LIBRARY = "libc++";
				CLANG_ENABLE_MODULES = YES;
				CLANG_ENABLE_OBJC_ARC = YES;
				CLANG_WARN_BOOL_CONVERSION = YES;
				CLANG_WARN_CONSTANT_CONVERSION = YES;
				CLANG_WARN_DIRECT_OBJC_ISA_USAGE = YES_ERROR;
				CLANG_WARN_EMPTY_BODY = YES;
				CLANG_WARN_ENUM_CONVERSION = YES;
				CLANG_WARN_INT_CONVERSION = YES;
				CLANG_WARN_OBJC_ROOT_CLASS = YES_ERROR;
				CLANG_WARN_UNREACHABLE_CODE = YES;
				CLANG_WARN__DUPLICATE_METHOD_MATCH = YES;
				"CODE_SIGN_IDENTITY[sdk=iphoneos*]" = "iPhone Developer";
				COPY_PHASE_STRIP = NO;
				DEBUG_INFORMATION_FORMAT = "dwarf-with-dsym";
				ENABLE_STRICT_OBJC_MSGSEND = YES;
				GCC_C_LANGUAGE_STANDARD = gnu99;
				GCC_DYNAMIC_NO_PIC = NO;
				GCC_NO_COMMON_BLOCKS = YES;
				GCC_OPTIMIZATION_LEVEL = 0;
				GCC_PREPROCESSOR_DEFINITIONS = (
					"DEBUG=1",
					"$(inherited)",
				);
				GCC_SYMBOLS_PRIVATE_EXTERN = NO;
				GCC_WARN_64_TO_32_BIT_CONVERSION = YES;
				GCC_WARN_ABOUT_RETURN_TYPE = YES_ERROR;
				GCC_WARN_UNDECLARED_SELECTOR = YES;
				GCC_WARN_UNINITIALIZED_AUTOS = YES_AGGRESSIVE;
				GCC_WARN_UNUSED_FUNCTION = YES;
				GCC_WARN_UNUSED_VARIABLE = YES;
				IPHONEOS_DEPLOYMENT_TARGET = 8.3;
				MTL_ENABLE_DEBUG_INFO = YES;
				ONLY_ACTIVE_ARCH = YES;
				SDKROOT = iphoneos;
				SWIFT_OPTIMIZATION_LEVEL = "-Onone";
			};
			name = Debug;
		};
		A5D120141B35AE8400132FEE /* Release */ = {
			isa = XCBuildConfiguration;
			buildSettings = {
				ALWAYS_SEARCH_USER_PATHS = NO;
				CLANG_CXX_LANGUAGE_STANDARD = "gnu++0x";
				CLANG_CXX_LIBRARY = "libc++";
				CLANG_ENABLE_MODULES = YES;
				CLANG_ENABLE_OBJC_ARC = YES;
				CLANG_WARN_BOOL_CONVERSION = YES;
				CLANG_WARN_CONSTANT_CONVERSION = YES;
				CLANG_WARN_DIRECT_OBJC_ISA_USAGE = YES_ERROR;
				CLANG_WARN_EMPTY_BODY = YES;
				CLANG_WARN_ENUM_CONVERSION = YES;
				CLANG_WARN_INT_CONVERSION = YES;
				CLANG_WARN_OBJC_ROOT_CLASS = YES_ERROR;
				CLANG_WARN_UNREACHABLE_CODE = YES;
				CLANG_WARN__DUPLICATE_METHOD_MATCH = YES;
				"CODE_SIGN_IDENTITY[sdk=iphoneos*]" = "iPhone Developer";
				COPY_PHASE_STRIP = NO;
				DEBUG_INFORMATION_FORMAT = "dwarf-with-dsym";
				ENABLE_NS_ASSERTIONS = NO;
				ENABLE_STRICT_OBJC_MSGSEND = YES;
				GCC_C_LANGUAGE_STANDARD = gnu99;
				GCC_NO_COMMON_BLOCKS = YES;
				GCC_WARN_64_TO_32_BIT_CONVERSION = YES;
				GCC_WARN_ABOUT_RETURN_TYPE = YES_ERROR;
				GCC_WARN_UNDECLARED_SELECTOR = YES;
				GCC_WARN_UNINITIALIZED_AUTOS = YES_AGGRESSIVE;
				GCC_WARN_UNUSED_FUNCTION = YES;
				GCC_WARN_UNUSED_VARIABLE = YES;
				IPHONEOS_DEPLOYMENT_TARGET = 8.3;
				MTL_ENABLE_DEBUG_INFO = NO;
				SDKROOT = iphoneos;
				VALIDATE_PRODUCT = YES;
			};
			name = Release;
		};
		A5D120161B35AE8400132FEE /* Debug */ = {
			isa = XCBuildConfiguration;
			buildSettings = {
				ASSETCATALOG_COMPILER_APPICON_NAME = AppIcon;
				INFOPLIST_FILE = "pitch perfect/Info.plist";
				LD_RUNPATH_SEARCH_PATHS = "$(inherited) @executable_path/Frameworks";
				PRODUCT_NAME = "$(TARGET_NAME)";
			};
			name = Debug;
		};
		A5D120171B35AE8400132FEE /* Release */ = {
			isa = XCBuildConfiguration;
			buildSettings = {
				ASSETCATALOG_COMPILER_APPICON_NAME = AppIcon;
				INFOPLIST_FILE = "pitch perfect/Info.plist";
				LD_RUNPATH_SEARCH_PATHS = "$(inherited) @executable_path/Frameworks";
				PRODUCT_NAME = "$(TARGET_NAME)";
			};
			name = Release;
		};
		A5D120191B35AE8400132FEE /* Debug */ = {
			isa = XCBuildConfiguration;
			buildSettings = {
				BUNDLE_LOADER = "$(TEST_HOST)";
				FRAMEWORK_SEARCH_PATHS = (
					"$(SDKROOT)/Developer/Library/Frameworks",
					"$(inherited)",
				);
				GCC_PREPROCESSOR_DEFINITIONS = (
					"DEBUG=1",
					"$(inherited)",
				);
				INFOPLIST_FILE = "pitch perfectTests/Info.plist";
				LD_RUNPATH_SEARCH_PATHS = "$(inherited) @executable_path/Frameworks @loader_path/Frameworks";
				PRODUCT_NAME = "$(TARGET_NAME)";
				TEST_HOST = "$(BUILT_PRODUCTS_DIR)/pitch perfect.app/pitch perfect";
			};
			name = Debug;
		};
		A5D1201A1B35AE8400132FEE /* Release */ = {
			isa = XCBuildConfiguration;
			buildSettings = {
				BUNDLE_LOADER = "$(TEST_HOST)";
				FRAMEWORK_SEARCH_PATHS = (
					"$(SDKROOT)/Developer/Library/Frameworks",
					"$(inherited)",
				);
				INFOPLIST_FILE = "pitch perfectTests/Info.plist";
				LD_RUNPATH_SEARCH_PATHS = "$(inherited) @executable_path/Frameworks @loader_path/Frameworks";
				PRODUCT_NAME = "$(TARGET_NAME)";
				TEST_HOST = "$(BUILT_PRODUCTS_DIR)/pitch perfect.app/pitch perfect";
			};
			name = Release;
		};
/* End XCBuildConfiguration section */

/* Begin XCConfigurationList section */
		A5D11FF11B35AE8400132FEE /* Build configuration list for PBXProject "pitch perfect" */ = {
			isa = XCConfigurationList;
			buildConfigurations = (
				A5D120131B35AE8400132FEE /* Debug */,
				A5D120141B35AE8400132FEE /* Release */,
			);
			defaultConfigurationIsVisible = 0;
			defaultConfigurationName = Release;
		};
		A5D120151B35AE8400132FEE /* Build configuration list for PBXNativeTarget "pitch perfect" */ = {
			isa = XCConfigurationList;
			buildConfigurations = (
				A5D120161B35AE8400132FEE /* Debug */,
				A5D120171B35AE8400132FEE /* Release */,
			);
			defaultConfigurationIsVisible = 0;
		};
		A5D120181B35AE8400132FEE /* Build configuration list for PBXNativeTarget "pitch perfectTests" */ = {
			isa = XCConfigurationList;
			buildConfigurations = (
				A5D120191B35AE8400132FEE /* Debug */,
				A5D1201A1B35AE8400132FEE /* Release */,
			);
			defaultConfigurationIsVisible = 0;
		};
/* End XCConfigurationList section */
	};
	rootObject = A5D11FEE1B35AE8400132FEE /* Project object */;
}
